
Microsoft Visual Studio Solution File, Format Version 12.00
# Visual Studio 15
VisualStudioVersion = 15.0.28307.1267
MinimumVisualStudioVersion = 10.0.40219.1
Project("{FAE04EC0-301F-11D3-BF4B-00C04F79EFBC}") = "GPManagementSytem", "GPManagementSytem\GPManagementSytem.csproj", "{758DDE52-8A55-464C-AF11-0FA14F2AD50A}"
EndProject
Global
	GlobalSection(SolutionConfigurationPlatforms) = preSolution
		Debug|Any CPU = Debug|Any CPU
		Release|Any CPU = Release|Any CPU
	EndGlobalSection
	GlobalSection(ProjectConfigurationPlatforms) = postSolution
		{758DDE52-8A55-464C-AF11-0FA14F2AD50A}.Debug|Any CPU.ActiveCfg = Debug|Any CPU
		{758DDE52-8A55-464C-AF11-0FA14F2AD50A}.Debug|Any CPU.Build.0 = Debug|Any CPU
		{758DDE52-8A55-464C-AF11-0FA14F2AD50A}.Release|Any CPU.ActiveCfg = Release|Any CPU
		{758DDE52-8A55-464C-AF11-0FA14F2AD50A}.Release|Any CPU.Build.0 = Release|Any CPU
	EndGlobalSection
	GlobalSection(SolutionProperties) = preSolution
		HideSolutionNode = FALSE
	EndGlobalSection
	GlobalSection(ExtensibilityGlobals) = postSolution
		SolutionGuid = {6A1AA916-46E1-4CA1-B7F4-F6395FF51763}
	EndGlobalSection
	GlobalSection(ExtensibilityGlobals) = postSolution
		SolutionGuid = {6A1AA916-46E1-4CA1-B7F4-F6395FF51763}
	EndGlobalSection
	GlobalSection(ExtensibilityGlobals) = postSolution
		SolutionGuid = {6A1AA916-46E1-4CA1-B7F4-F6395FF51763}
	EndGlobalSection
EndGlobal
